
Microsoft Visual Studio Solution File, Format Version 12.00
# Visual Studio 15
VisualStudioVersion = 15.0.28307.572
MinimumVisualStudioVersion = 10.0.40219.1
Project("{FAE04EC0-301F-11D3-BF4B-00C04F79EFBC}") = "Test testing", "Test testing\Test testing.csproj", "{91513158-00CC-4177-8091-A8654A5A8DCD}"
EndProject
Global
	GlobalSection(SolutionConfigurationPlatforms) = preSolution
		Debug|Any CPU = Debug|Any CPU
		Release|Any CPU = Release|Any CPU
	EndGlobalSection
	GlobalSection(ProjectConfigurationPlatforms) = postSolution
		{91513158-00CC-4177-8091-A8654A5A8DCD}.Debug|Any CPU.ActiveCfg = Debug|Any CPU
		{91513158-00CC-4177-8091-A8654A5A8DCD}.Debug|Any CPU.Build.0 = Debug|Any CPU
		{91513158-00CC-4177-8091-A8654A5A8DCD}.Release|Any CPU.ActiveCfg = Release|Any CPU
		{91513158-00CC-4177-8091-A8654A5A8DCD}.Release|Any CPU.Build.0 = Release|Any CPU
	EndGlobalSection
	GlobalSection(SolutionProperties) = preSolution
		HideSolutionNode = FALSE
	EndGlobalSection
	GlobalSection(ExtensibilityGlobals) = postSolution
		SolutionGuid = {63E5F926-4A9E-4D73-A461-050320E429B9}
	EndGlobalSection
EndGlobal
